
Microsoft Visual Studio Solution File, Format Version 12.00
# Visual Studio Version 17
Project("{8BC9CEB8-8B4A-11D0-8D11-00A0C91BC942}") = "ALL_BUILD", "ALL_BUILD.vcxproj", "{EF3CB009-CA48-30BF-B92C-6C03ACCAE572}"
	ProjectSection(ProjectDependencies) = postProject
		{2709531F-1634-3F0A-9DA0-1C29723F796F} = {2709531F-1634-3F0A-9DA0-1C29723F796F}
		{BF8035A1-FD07-3E42-811D-B1D35DA4DD30} = {BF8035A1-FD07-3E42-811D-B1D35DA4DD30}
	EndProjectSection
EndProject
Project("{8BC9CEB8-8B4A-11D0-8D11-00A0C91BC942}") = "INSTALL", "INSTALL.vcxproj", "{24B36209-9B20-387D-A433-B17F1F05525E}"
	ProjectSection(ProjectDependencies) = postProject
		{EF3CB009-CA48-30BF-B92C-6C03ACCAE572} = {EF3CB009-CA48-30BF-B92C-6C03ACCAE572}
		{2709531F-1634-3F0A-9DA0-1C29723F796F} = {2709531F-1634-3F0A-9DA0-1C29723F796F}
	EndProjectSection
EndProject
Project("{8BC9CEB8-8B4A-11D0-8D11-00A0C91BC942}") = "ZERO_CHECK", "ZERO_CHECK.vcxproj", "{2709531F-1634-3F0A-9DA0-1C29723F796F}"
	ProjectSection(ProjectDependencies) = postProject
	EndProjectSection
EndProject
Project("{8BC9CEB8-8B4A-11D0-8D11-00A0C91BC942}") = "mswebapp_cpp", "mswebapp_cpp.vcxproj", "{BF8035A1-FD07-3E42-811D-B1D35DA4DD30}"
	ProjectSection(ProjectDependencies) = postProject
		{2709531F-1634-3F0A-9DA0-1C29723F796F} = {2709531F-1634-3F0A-9DA0-1C29723F796F}
	EndProjectSection
EndProject
Global
	GlobalSection(SolutionConfigurationPlatforms) = preSolution
		Debug|x64 = Debug|x64
		Release|x64 = Release|x64
		MinSizeRel|x64 = MinSizeRel|x64
		RelWithDebInfo|x64 = RelWithDebInfo|x64
	EndGlobalSection
	GlobalSection(ProjectConfigurationPlatforms) = postSolution
		{EF3CB009-CA48-30BF-B92C-6C03ACCAE572}.Debug|x64.ActiveCfg = Debug|x64
		{EF3CB009-CA48-30BF-B92C-6C03ACCAE572}.Debug|x64.Build.0 = Debug|x64
		{EF3CB009-CA48-30BF-B92C-6C03ACCAE572}.Release|x64.ActiveCfg = Release|x64
		{EF3CB009-CA48-30BF-B92C-6C03ACCAE572}.Release|x64.Build.0 = Release|x64
		{EF3CB009-CA48-30BF-B92C-6C03ACCAE572}.MinSizeRel|x64.ActiveCfg = MinSizeRel|x64
		{EF3CB009-CA48-30BF-B92C-6C03ACCAE572}.MinSizeRel|x64.Build.0 = MinSizeRel|x64
		{EF3CB009-CA48-30BF-B92C-6C03ACCAE572}.RelWithDebInfo|x64.ActiveCfg = RelWithDebInfo|x64
		{EF3CB009-CA48-30BF-B92C-6C03ACCAE572}.RelWithDebInfo|x64.Build.0 = RelWithDebInfo|x64
		{24B36209-9B20-387D-A433-B17F1F05525E}.Debug|x64.ActiveCfg = Debug|x64
		{24B36209-9B20-387D-A433-B17F1F05525E}.Release|x64.ActiveCfg = Release|x64
		{24B36209-9B20-387D-A433-B17F1F05525E}.MinSizeRel|x64.ActiveCfg = MinSizeRel|x64
		{24B36209-9B20-387D-A433-B17F1F05525E}.RelWithDebInfo|x64.ActiveCfg = RelWithDebInfo|x64
		{2709531F-1634-3F0A-9DA0-1C29723F796F}.Debug|x64.ActiveCfg = Debug|x64
		{2709531F-1634-3F0A-9DA0-1C29723F796F}.Debug|x64.Build.0 = Debug|x64
		{2709531F-1634-3F0A-9DA0-1C29723F796F}.Release|x64.ActiveCfg = Release|x64
		{2709531F-1634-3F0A-9DA0-1C29723F796F}.Release|x64.Build.0 = Release|x64
		{2709531F-1634-3F0A-9DA0-1C29723F796F}.MinSizeRel|x64.ActiveCfg = MinSizeRel|x64
		{2709531F-1634-3F0A-9DA0-1C29723F796F}.MinSizeRel|x64.Build.0 = MinSizeRel|x64
		{2709531F-1634-3F0A-9DA0-1C29723F796F}.RelWithDebInfo|x64.ActiveCfg = RelWithDebInfo|x64
		{2709531F-1634-3F0A-9DA0-1C29723F796F}.RelWithDebInfo|x64.Build.0 = RelWithDebInfo|x64
		{BF8035A1-FD07-3E42-811D-B1D35DA4DD30}.Debug|x64.ActiveCfg = Debug|x64
		{BF8035A1-FD07-3E42-811D-B1D35DA4DD30}.Debug|x64.Build.0 = Debug|x64
		{BF8035A1-FD07-3E42-811D-B1D35DA4DD30}.Release|x64.ActiveCfg = Release|x64
		{BF8035A1-FD07-3E42-811D-B1D35DA4DD30}.Release|x64.Build.0 = Release|x64
		{BF8035A1-FD07-3E42-811D-B1D35DA4DD30}.MinSizeRel|x64.ActiveCfg = MinSizeRel|x64
		{BF8035A1-FD07-3E42-811D-B1D35DA4DD30}.MinSizeRel|x64.Build.0 = MinSizeRel|x64
		{BF8035A1-FD07-3E42-811D-B1D35DA4DD30}.RelWithDebInfo|x64.ActiveCfg = RelWithDebInfo|x64
		{BF8035A1-FD07-3E42-811D-B1D35DA4DD30}.RelWithDebInfo|x64.Build.0 = RelWithDebInfo|x64
	EndGlobalSection
	GlobalSection(ExtensibilityGlobals) = postSolution
		SolutionGuid = {A2AD5EAD-8EE9-39C4-BB9A-F71594E02B29}
	EndGlobalSection
	GlobalSection(ExtensibilityAddIns) = postSolution
	EndGlobalSection
EndGlobal
